
Microsoft Visual Studio Solution File, Format Version 12.00
# Visual Studio Version 17
VisualStudioVersion = 17.3.32901.215
MinimumVisualStudioVersion = 10.0.40219.1
Project("{9A19103F-16F7-4668-BE54-9A1E7A4F7556}") = "I8SSYF_HFT_2021221.Client", "I8SSYF_HFT_2021221.Client\I8SSYF_HFT_2021221.Client.csproj", "{8DB6ADEB-AA76-453F-A25D-9A4792B0079C}"
EndProject
Project("{9A19103F-16F7-4668-BE54-9A1E7A4F7556}") = "I8SSYF_HFT_2021221.Models", "I8SSYF_HFT_2021221.Models\I8SSYF_HFT_2021221.Models.csproj", "{EE915711-E256-4B85-A0CC-84E170E34EB1}"
EndProject
Project("{9A19103F-16F7-4668-BE54-9A1E7A4F7556}") = "I8SSYF_HFT_2021221.Data", "I8SSYF_HFT_2021221.Data\I8SSYF_HFT_2021221.Data.csproj", "{6B8A6B10-D2BE-4E41-87CF-8883454AE0B8}"
EndProject
Project("{9A19103F-16F7-4668-BE54-9A1E7A4F7556}") = "I8SSYF_HFT_2021221.Logic", "I8SSYF_HFT_2021221.Logic\I8SSYF_HFT_2021221.Logic.csproj", "{2A46CBD1-F96A-4E66-B39E-E0EBA803D484}"
EndProject
Project("{9A19103F-16F7-4668-BE54-9A1E7A4F7556}") = "I8SSYF_HFT_2021221.Repository", "I8SSYF_HFT_2021221.Repository\I8SSYF_HFT_2021221.Repository.csproj", "{DD8C86F9-1533-4DD4-92E8-F9D219A0F771}"
EndProject
Project("{9A19103F-16F7-4668-BE54-9A1E7A4F7556}") = "I8SSYF_HFT_2021221.Endpoint", "I8SSYF_HFT_2021221.Endpoint\I8SSYF_HFT_2021221.Endpoint.csproj", "{1EF23F24-9264-4506-9332-85BC19CE80DC}"
EndProject
Project("{9A19103F-16F7-4668-BE54-9A1E7A4F7556}") = "I8SSYF_HFT_2021221.Test", "I8SSYF_HFT_2021221.Test\I8SSYF_HFT_2021221.Test.csproj", "{1EF8E337-1E3C-4ADB-B5C6-ED3442FC4F23}"
EndProject
Project("{2150E333-8FDC-42A3-9474-1A3956D46DE8}") = "Frontend", "Frontend", "{1B6C1487-56CB-4B27-8017-1AB15D0A5B4E}"
EndProject
Project("{2150E333-8FDC-42A3-9474-1A3956D46DE8}") = "Backend", "Backend", "{7181A774-F127-4CE9-968B-B5E5626BBBE4}"
EndProject
Project("{2150E333-8FDC-42A3-9474-1A3956D46DE8}") = "Shared", "Shared", "{85CDACF5-EE08-4CF6-9C8F-5B3182C0A333}"
EndProject
Project("{2150E333-8FDC-42A3-9474-1A3956D46DE8}") = "Others", "Others", "{EF1B7583-6CCA-4246-9E35-2B824CB45ECD}"
	ProjectSection(SolutionItems) = preProject
		.gitignore = .gitignore
	EndProjectSection
EndProject
Project("{9A19103F-16F7-4668-BE54-9A1E7A4F7556}") = "I8SSYF_HFT_2021221.WpfClient", "I8SSYF_HFT_2021221.WpfClient\I8SSYF_HFT_2021221.WpfClient.csproj", "{7E32C1B8-B47D-4A97-B92F-6F8760F8B60A}"
EndProject
Global
	GlobalSection(SolutionConfigurationPlatforms) = preSolution
		Debug|Any CPU = Debug|Any CPU
		Release|Any CPU = Release|Any CPU
	EndGlobalSection
	GlobalSection(ProjectConfigurationPlatforms) = postSolution
		{8DB6ADEB-AA76-453F-A25D-9A4792B0079C}.Debug|Any CPU.ActiveCfg = Debug|Any CPU
		{8DB6ADEB-AA76-453F-A25D-9A4792B0079C}.Debug|Any CPU.Build.0 = Debug|Any CPU
		{8DB6ADEB-AA76-453F-A25D-9A4792B0079C}.Release|Any CPU.ActiveCfg = Release|Any CPU
		{8DB6ADEB-AA76-453F-A25D-9A4792B0079C}.Release|Any CPU.Build.0 = Release|Any CPU
		{EE915711-E256-4B85-A0CC-84E170E34EB1}.Debug|Any CPU.ActiveCfg = Debug|Any CPU
		{EE915711-E256-4B85-A0CC-84E170E34EB1}.Debug|Any CPU.Build.0 = Debug|Any CPU
		{EE915711-E256-4B85-A0CC-84E170E34EB1}.Release|Any CPU.ActiveCfg = Release|Any CPU
		{EE915711-E256-4B85-A0CC-84E170E34EB1}.Release|Any CPU.Build.0 = Release|Any CPU
		{6B8A6B10-D2BE-4E41-87CF-8883454AE0B8}.Debug|Any CPU.ActiveCfg = Debug|Any CPU
		{6B8A6B10-D2BE-4E41-87CF-8883454AE0B8}.Debug|Any CPU.Build.0 = Debug|Any CPU
		{6B8A6B10-D2BE-4E41-87CF-8883454AE0B8}.Release|Any CPU.ActiveCfg = Release|Any CPU
		{6B8A6B10-D2BE-4E41-87CF-8883454AE0B8}.Release|Any CPU.Build.0 = Release|Any CPU
		{2A46CBD1-F96A-4E66-B39E-E0EBA803D484}.Debug|Any CPU.ActiveCfg = Debug|Any CPU
		{2A46CBD1-F96A-4E66-B39E-E0EBA803D484}.Debug|Any CPU.Build.0 = Debug|Any CPU
		{2A46CBD1-F96A-4E66-B39E-E0EBA803D484}.Release|Any CPU.ActiveCfg = Release|Any CPU
		{2A46CBD1-F96A-4E66-B39E-E0EBA803D484}.Release|Any CPU.Build.0 = Release|Any CPU
		{DD8C86F9-1533-4DD4-92E8-F9D219A0F771}.Debug|Any CPU.ActiveCfg = Debug|Any CPU
		{DD8C86F9-1533-4DD4-92E8-F9D219A0F771}.Debug|Any CPU.Build.0 = Debug|Any CPU
		{DD8C86F9-1533-4DD4-92E8-F9D219A0F771}.Release|Any CPU.ActiveCfg = Release|Any CPU
		{DD8C86F9-1533-4DD4-92E8-F9D219A0F771}.Release|Any CPU.Build.0 = Release|Any CPU
		{1EF23F24-9264-4506-9332-85BC19CE80DC}.Debug|Any CPU.ActiveCfg = Debug|Any CPU
		{1EF23F24-9264-4506-9332-85BC19CE80DC}.Debug|Any CPU.Build.0 = Debug|Any CPU
		{1EF23F24-9264-4506-9332-85BC19CE80DC}.Release|Any CPU.ActiveCfg = Release|Any CPU
		{1EF23F24-9264-4506-9332-85BC19CE80DC}.Release|Any CPU.Build.0 = Release|Any CPU
		{1EF8E337-1E3C-4ADB-B5C6-ED3442FC4F23}.Debug|Any CPU.ActiveCfg = Debug|Any CPU
		{1EF8E337-1E3C-4ADB-B5C6-ED3442FC4F23}.Debug|Any CPU.Build.0 = Debug|Any CPU
		{1EF8E337-1E3C-4ADB-B5C6-ED3442FC4F23}.Release|Any CPU.ActiveCfg = Release|Any CPU
		{1EF8E337-1E3C-4ADB-B5C6-ED3442FC4F23}.Release|Any CPU.Build.0 = Release|Any CPU
		{7E32C1B8-B47D-4A97-B92F-6F8760F8B60A}.Debug|Any CPU.ActiveCfg = Debug|Any CPU
		{7E32C1B8-B47D-4A97-B92F-6F8760F8B60A}.Debug|Any CPU.Build.0 = Debug|Any CPU
		{7E32C1B8-B47D-4A97-B92F-6F8760F8B60A}.Release|Any CPU.ActiveCfg = Release|Any CPU
		{7E32C1B8-B47D-4A97-B92F-6F8760F8B60A}.Release|Any CPU.Build.0 = Release|Any CPU
	EndGlobalSection
	GlobalSection(SolutionProperties) = preSolution
		HideSolutionNode = FALSE
	EndGlobalSection
	GlobalSection(NestedProjects) = preSolution
		{8DB6ADEB-AA76-453F-A25D-9A4792B0079C} = {1B6C1487-56CB-4B27-8017-1AB15D0A5B4E}
		{EE915711-E256-4B85-A0CC-84E170E34EB1} = {85CDACF5-EE08-4CF6-9C8F-5B3182C0A333}
		{6B8A6B10-D2BE-4E41-87CF-8883454AE0B8} = {7181A774-F127-4CE9-968B-B5E5626BBBE4}
		{2A46CBD1-F96A-4E66-B39E-E0EBA803D484} = {7181A774-F127-4CE9-968B-B5E5626BBBE4}
		{DD8C86F9-1533-4DD4-92E8-F9D219A0F771} = {7181A774-F127-4CE9-968B-B5E5626BBBE4}
		{1EF23F24-9264-4506-9332-85BC19CE80DC} = {7181A774-F127-4CE9-968B-B5E5626BBBE4}
		{1EF8E337-1E3C-4ADB-B5C6-ED3442FC4F23} = {7181A774-F127-4CE9-968B-B5E5626BBBE4}
		{7E32C1B8-B47D-4A97-B92F-6F8760F8B60A} = {1B6C1487-56CB-4B27-8017-1AB15D0A5B4E}
	EndGlobalSection
	GlobalSection(ExtensibilityGlobals) = postSolution
		SolutionGuid = {9A1DF226-FD77-434A-A933-5FA333BA1671}
	EndGlobalSection
EndGlobal
